
Microsoft Visual Studio Solution File, Format Version 11.00
# Visual Studio 2010
Project("{FAE04EC0-301F-11D3-BF4B-00C04F79EFBC}") = "Assembly-CSharp", "Assembly-CSharp.csproj", "{9172E207-4C71-8B27-ADE5-279BDD8AFBDF}"
EndProject
Project("{FAE04EC0-301F-11D3-BF4B-00C04F79EFBC}") = "Assembly-CSharp-Editor", "Assembly-CSharp-Editor.csproj", "{684527CF-341F-46DF-691B-ABBF378C7D52}"
EndProject
Global
	GlobalSection(SolutionConfigurationPlatforms) = preSolution
		Debug|Any CPU = Debug|Any CPU
		Release|Any CPU = Release|Any CPU
	EndGlobalSection
	GlobalSection(ProjectConfigurationPlatforms) = postSolution
		{9172E207-4C71-8B27-ADE5-279BDD8AFBDF}.Debug|Any CPU.ActiveCfg = Debug|Any CPU
		{9172E207-4C71-8B27-ADE5-279BDD8AFBDF}.Debug|Any CPU.Build.0 = Debug|Any CPU
		{9172E207-4C71-8B27-ADE5-279BDD8AFBDF}.Release|Any CPU.ActiveCfg = Release|Any CPU
		{9172E207-4C71-8B27-ADE5-279BDD8AFBDF}.Release|Any CPU.Build.0 = Release|Any CPU
		{684527CF-341F-46DF-691B-ABBF378C7D52}.Debug|Any CPU.ActiveCfg = Debug|Any CPU
		{684527CF-341F-46DF-691B-ABBF378C7D52}.Debug|Any CPU.Build.0 = Debug|Any CPU
		{684527CF-341F-46DF-691B-ABBF378C7D52}.Release|Any CPU.ActiveCfg = Release|Any CPU
		{684527CF-341F-46DF-691B-ABBF378C7D52}.Release|Any CPU.Build.0 = Release|Any CPU
	EndGlobalSection
	GlobalSection(SolutionProperties) = preSolution
		HideSolutionNode = FALSE
	EndGlobalSection
	GlobalSection(MonoDevelopProperties) = preSolution
		StartupItem = Assembly-CSharp.csproj
	EndGlobalSection
EndGlobal
